
Microsoft Visual Studio Solution File, Format Version 11.00
# Visual Studio 2010
Project("{F184B08F-C81C-45F6-A57F-5ABD9991F28F}") = "WindowsApplication1", "WindowsApplication1\WindowsApplication1.vbproj", "{BEE1A039-C679-4E43-A3F6-C8F30ACE8AE4}"
EndProject
Global
	GlobalSection(SolutionConfigurationPlatforms) = preSolution
		Debug|x86 = Debug|x86
		Release|x86 = Release|x86
	EndGlobalSection
	GlobalSection(ProjectConfigurationPlatforms) = postSolution
		{BEE1A039-C679-4E43-A3F6-C8F30ACE8AE4}.Debug|x86.ActiveCfg = Debug|x86
		{BEE1A039-C679-4E43-A3F6-C8F30ACE8AE4}.Debug|x86.Build.0 = Debug|x86
		{BEE1A039-C679-4E43-A3F6-C8F30ACE8AE4}.Release|x86.ActiveCfg = Release|x86
		{BEE1A039-C679-4E43-A3F6-C8F30ACE8AE4}.Release|x86.Build.0 = Release|x86
	EndGlobalSection
	GlobalSection(SolutionProperties) = preSolution
		HideSolutionNode = FALSE
	EndGlobalSection
EndGlobal
